
Microsoft Visual Studio Solution File, Format Version 12.00
# Visual Studio Version 17
VisualStudioVersion = 17.14.36202.13 d17.14
MinimumVisualStudioVersion = 10.0.40219.1
Project("{FAE04EC0-301F-11D3-BF4B-00C04F79EFBC}") = "WorkTimeTracker", "WorkTimeTracker.csproj", "{21542400-30B0-4493-9E49-08F57843D47F}"
EndProject
Global
	GlobalSection(SolutionConfigurationPlatforms) = preSolution
		Debug|Any CPU = Debug|Any CPU
		Release|Any CPU = Release|Any CPU
	EndGlobalSection
	GlobalSection(ProjectConfigurationPlatforms) = postSolution
		{21542400-30B0-4493-9E49-08F57843D47F}.Debug|Any CPU.ActiveCfg = Debug|Any CPU
		{21542400-30B0-4493-9E49-08F57843D47F}.Debug|Any CPU.Build.0 = Debug|Any CPU
		{21542400-30B0-4493-9E49-08F57843D47F}.Release|Any CPU.ActiveCfg = Release|Any CPU
		{21542400-30B0-4493-9E49-08F57843D47F}.Release|Any CPU.Build.0 = Release|Any CPU
	EndGlobalSection
	GlobalSection(SolutionProperties) = preSolution
		HideSolutionNode = FALSE
	EndGlobalSection
	GlobalSection(ExtensibilityGlobals) = postSolution
		SolutionGuid = {5BF6AC51-A56E-4E0C-93F2-A7C864C2E2D9}
	EndGlobalSection
EndGlobal
